// !$*UTF8*$!
{
	archiveVersion = 1;
	classes = {
	};
	objectVersion = 50;
	objects = {

/* Begin PBXBuildFile section */
		49C8636324D68FBF0011E0C7 /* AppDelegate.swift in Sources */ = {isa = PBXBuildFile; fileRef = 49C8636224D68FBF0011E0C7 /* AppDelegate.swift */; };
		49C8636524D68FBF0011E0C7 /* SceneDelegate.swift in Sources */ = {isa = PBXBuildFile; fileRef = 49C8636424D68FBF0011E0C7 /* SceneDelegate.swift */; };
		49C8636724D68FBF0011E0C7 /* ViewController.swift in Sources */ = {isa = PBXBuildFile; fileRef = 49C8636624D68FBF0011E0C7 /* ViewController.swift */; };
		49C8636A24D68FBF0011E0C7 /* Main.storyboard in Resources */ = {isa = PBXBuildFile; fileRef = 49C8636824D68FBF0011E0C7 /* Main.storyboard */; };
		49C8636C24D68FC00011E0C7 /* Assets.xcassets in Resources */ = {isa = PBXBuildFile; fileRef = 49C8636B24D68FC00011E0C7 /* Assets.xcassets */; };
		49C8636F24D68FC00011E0C7 /* LaunchScreen.storyboard in Resources */ = {isa = PBXBuildFile; fileRef = 49C8636D24D68FC00011E0C7 /* LaunchScreen.storyboard */; };
		49C8637A24D68FC00011E0C7 /* tipTests.swift in Sources */ = {isa = PBXBuildFile; fileRef = 49C8637924D68FC00011E0C7 /* tipTests.swift */; };
		49C8638524D68FC00011E0C7 /* tipUITests.swift in Sources */ = {isa = PBXBuildFile; fileRef = 49C8638424D68FC00011E0C7 /* tipUITests.swift */; };
/* End PBXBuildFile section */

/* Begin PBXContainerItemProxy section */
		49C8637624D68FC00011E0C7 /* PBXContainerItemProxy */ = {
			isa = PBXContainerItemProxy;
			containerPortal = 49C8635724D68FBE0011E0C7 /* Project object */;
			proxyType = 1;
			remoteGlobalIDString = 49C8635E24D68FBE0011E0C7;
			remoteInfo = tip;
		};
		49C8638124D68FC00011E0C7 /* PBXContainerItemProxy */ = {
			isa = PBXContainerItemProxy;
			containerPortal = 49C8635724D68FBE0011E0C7 /* Project object */;
			proxyType = 1;
			remoteGlobalIDString = 49C8635E24D68FBE0011E0C7;
			remoteInfo = tip;
		};
/* End PBXContainerItemProxy section */

/* Begin PBXFileReference section */
		49C8635F24D68FBE0011E0C7 /* tip.app */ = {isa = PBXFileReference; explicitFileType = wrapper.application; includeInIndex = 0; path = tip.app; sourceTree = BUILT_PRODUCTS_DIR; };
		49C8636224D68FBF0011E0C7 /* AppDelegate.swift */ = {isa = PBXFileReference; lastKnownFileType = sourcecode.swift; path = AppDelegate.swift; sourceTree = "<group>"; };
		49C8636424D68FBF0011E0C7 /* SceneDelegate.swift */ = {isa = PBXFileReference; lastKnownFileType = sourcecode.swift; path = SceneDelegate.swift; sourceTree = "<group>"; };
		49C8636624D68FBF0011E0C7 /* ViewController.swift */ = {isa = PBXFileReference; lastKnownFileType = sourcecode.swift; path = ViewController.swift; sourceTree = "<group>"; };
		49C8636924D68FBF0011E0C7 /* Base */ = {isa = PBXFileReference; lastKnownFileType = file.storyboard; name = Base; path = Base.lproj/Main.storyboard; sourceTree = "<group>"; };
		49C8636B24D68FC00011E0C7 /* Assets.xcassets */ = {isa = PBXFileReference; lastKnownFileType = folder.assetcatalog; path = Assets.xcassets; sourceTree = "<group>"; };
		49C8636E24D68FC00011E0C7 /* Base */ = {isa = PBXFileReference; lastKnownFileType = file.storyboard; name = Base; path = Base.lproj/LaunchScreen.storyboard; sourceTree = "<group>"; };
		49C8637024D68FC00011E0C7 /* Info.plist */ = {isa = PBXFileReference; lastKnownFileType = text.plist.xml; path = Info.plist; sourceTree = "<group>"; };
		49C8637524D68FC00011E0C7 /* tipTests.xctest */ = {isa = PBXFileReference; explicitFileType = wrapper.cfbundle; includeInIndex = 0; path = tipTests.xctest; sourceTree = BUILT_PRODUCTS_DIR; };
		49C8637924D68FC00011E0C7 /* tipTests.swift */ = {isa = PBXFileReference; lastKnownFileType = sourcecode.swift; path = tipTests.swift; sourceTree = "<group>"; };
		49C8637B24D68FC00011E0C7 /* Info.plist */ = {isa = PBXFileReference; lastKnownFileType = text.plist.xml; path = Info.plist; sourceTree = "<group>"; };
		49C8638024D68FC00011E0C7 /* tipUITests.xctest */ = {isa = PBXFileReference; explicitFileType = wrapper.cfbundle; includeInIndex = 0; path = tipUITests.xctest; sourceTree = BUILT_PRODUCTS_DIR; };
		49C8638424D68FC00011E0C7 /* tipUITests.swift */ = {isa = PBXFileReference; lastKnownFileType = sourcecode.swift; path = tipUITests.swift; sourceTree = "<group>"; };
		49C8638624D68FC00011E0C7 /* Info.plist */ = {isa = PBXFileReference; lastKnownFileType = text.plist.xml; path = Info.plist; sourceTree = "<group>"; };
/* End PBXFileReference section */

/* Begin PBXFrameworksBuildPhase section */
		49C8635C24D68FBE0011E0C7 /* Frameworks */ = {
			isa = PBXFrameworksBuildPhase;
			buildActionMask = 2147483647;
			files = (
			);
			runOnlyForDeploymentPostprocessing = 0;
		};
		49C8637224D68FC00011E0C7 /* Frameworks */ = {
			isa = PBXFrameworksBuildPhase;
			buildActionMask = 2147483647;
			files = (
			);
			runOnlyForDeploymentPostprocessing = 0;
		};
		49C8637D24D68FC00011E0C7 /* Frameworks */ = {
			isa = PBXFrameworksBuildPhase;
			buildActionMask = 2147483647;
			files = (
			);
			runOnlyForDeploymentPostprocessing = 0;
		};
/* End PBXFrameworksBuildPhase section */

/* Begin PBXGroup section */
		49C8635624D68FBE0011E0C7 = {
			isa = PBXGroup;
			children = (
				49C8636124D68FBE0011E0C7 /* tip */,
				49C8637824D68FC00011E0C7 /* tipTests */,
				49C8638324D68FC00011E0C7 /* tipUITests */,
				49C8636024D68FBE0011E0C7 /* Products */,
			);
			sourceTree = "<group>";
		};
		49C8636024D68FBE0011E0C7 /* Products */ = {
			isa = PBXGroup;
			children = (
				49C8635F24D68FBE0011E0C7 /* tip.app */,
				49C8637524D68FC00011E0C7 /* tipTests.xctest */,
				49C8638024D68FC00011E0C7 /* tipUITests.xctest */,
			);
			name = Products;
			sourceTree = "<group>";
		};
		49C8636124D68FBE0011E0C7 /* tip */ = {
			isa = PBXGroup;
			children = (
				49C8636224D68FBF0011E0C7 /* AppDelegate.swift */,
				49C8636424D68FBF0011E0C7 /* SceneDelegate.swift */,
				49C8636624D68FBF0011E0C7 /* ViewController.swift */,
				49C8636824D68FBF0011E0C7 /* Main.storyboard */,
				49C8636B24D68FC00011E0C7 /* Assets.xcassets */,
				49C8636D24D68FC00011E0C7 /* LaunchScreen.storyboard */,
				49C8637024D68FC00011E0C7 /* Info.plist */,
			);
			path = tip;
			sourceTree = "<group>";
		};
		49C8637824D68FC00011E0C7 /* tipTests */ = {
			isa = PBXGroup;
			children = (
				49C8637924D68FC00011E0C7 /* tipTests.swift */,
				49C8637B24D68FC00011E0C7 /* Info.plist */,
			);
			path = tipTests;
			sourceTree = "<group>";
		};
		49C8638324D68FC00011E0C7 /* tipUITests */ = {
			isa = PBXGroup;
			children = (
				49C8638424D68FC00011E0C7 /* tipUITests.swift */,
				49C8638624D68FC00011E0C7 /* Info.plist */,
			);
			path = tipUITests;
			sourceTree = "<group>";
		};
/* End PBXGroup section */

/* Begin PBXNativeTarget section */
		49C8635E24D68FBE0011E0C7 /* tip */ = {
			isa = PBXNativeTarget;
			buildConfigurationList = 49C8638924D68FC00011E0C7 /* Build configuration list for PBXNativeTarget "tip" */;
			buildPhases = (
				49C8635B24D68FBE0011E0C7 /* Sources */,
				49C8635C24D68FBE0011E0C7 /* Frameworks */,
				49C8635D24D68FBE0011E0C7 /* Resources */,
			);
			buildRules = (
			);
			dependencies = (
			);
			name = tip;
			productName = tip;
			productReference = 49C8635F24D68FBE0011E0C7 /* tip.app */;
			productType = "com.apple.product-type.application";
		};
		49C8637424D68FC00011E0C7 /* tipTests */ = {
			isa = PBXNativeTarget;
			buildConfigurationList = 49C8638C24D68FC00011E0C7 /* Build configuration list for PBXNativeTarget "tipTests" */;
			buildPhases = (
				49C8637124D68FC00011E0C7 /* Sources */,
				49C8637224D68FC00011E0C7 /* Frameworks */,
				49C8637324D68FC00011E0C7 /* Resources */,
			);
			buildRules = (
			);
			dependencies = (
				49C8637724D68FC00011E0C7 /* PBXTargetDependency */,
			);
			name = tipTests;
			productName = tipTests;
			productReference = 49C8637524D68FC00011E0C7 /* tipTests.xctest */;
			productType = "com.apple.product-type.bundle.unit-test";
		};
		49C8637F24D68FC00011E0C7 /* tipUITests */ = {
			isa = PBXNativeTarget;
			buildConfigurationList = 49C8638F24D68FC00011E0C7 /* Build configuration list for PBXNativeTarget "tipUITests" */;
			buildPhases = (
				49C8637C24D68FC00011E0C7 /* Sources */,
				49C8637D24D68FC00011E0C7 /* Frameworks */,
				49C8637E24D68FC00011E0C7 /* Resources */,
			);
			buildRules = (
			);
			dependencies = (
				49C8638224D68FC00011E0C7 /* PBXTargetDependency */,
			);
			name = tipUITests;
			productName = tipUITests;
			productReference = 49C8638024D68FC00011E0C7 /* tipUITests.xctest */;
			productType = "com.apple.product-type.bundle.ui-testing";
		};
/* End PBXNativeTarget section */

/* Begin PBXProject section */
		49C8635724D68FBE0011E0C7 /* Project object */ = {
			isa = PBXProject;
			attributes = {
				LastSwiftUpdateCheck = 1130;
				LastUpgradeCheck = 1130;
				ORGANIZATIONNAME = Codepath;
				TargetAttributes = {
					49C8635E24D68FBE0011E0C7 = {
						CreatedOnToolsVersion = 11.3.1;
					};
					49C8637424D68FC00011E0C7 = {
						CreatedOnToolsVersion = 11.3.1;
						TestTargetID = 49C8635E24D68FBE0011E0C7;
					};
					49C8637F24D68FC00011E0C7 = {
						CreatedOnToolsVersion = 11.3.1;
						TestTargetID = 49C8635E24D68FBE0011E0C7;
					};
				};
			};
			buildConfigurationList = 49C8635A24D68FBE0011E0C7 /* Build configuration list for PBXProject "tip" */;
			compatibilityVersion = "Xcode 9.3";
			developmentRegion = en;
			hasScannedForEncodings = 0;
			knownRegions = (
				en,
				Base,
			);
			mainGroup = 49C8635624D68FBE0011E0C7;
			productRefGroup = 49C8636024D68FBE0011E0C7 /* Products */;
			projectDirPath = "";
			projectRoot = "";
			targets = (
				49C8635E24D68FBE0011E0C7 /* tip */,
				49C8637424D68FC00011E0C7 /* tipTests */,
				49C8637F24D68FC00011E0C7 /* tipUITests */,
			);
		};
/* End PBXProject section */

/* Begin PBXResourcesBuildPhase section */
		49C8635D24D68FBE0011E0C7 /* Resources */ = {
			isa = PBXResourcesBuildPhase;
			buildActionMask = 2147483647;
			files = (
				49C8636F24D68FC00011E0C7 /* LaunchScreen.storyboard in Resources */,
				49C8636C24D68FC00011E0C7 /* Assets.xcassets in Resources */,
				49C8636A24D68FBF0011E0C7 /* Main.storyboard in Resources */,
			);
			runOnlyForDeploymentPostprocessing = 0;
		};
		49C8637324D68FC00011E0C7 /* Resources */ = {
			isa = PBXResourcesBuildPhase;
			buildActionMask = 2147483647;
			files = (
			);
			runOnlyForDeploymentPostprocessing = 0;
		};
		49C8637E24D68FC00011E0C7 /* Resources */ = {
			isa = PBXResourcesBuildPhase;
			buildActionMask = 2147483647;
			files = (
			);
			runOnlyForDeploymentPostprocessing = 0;
		};
/* End PBXResourcesBuildPhase section */

/* Begin PBXSourcesBuildPhase section */
		49C8635B24D68FBE0011E0C7 /* Sources */ = {
			isa = PBXSourcesBuildPhase;
			buildActionMask = 2147483647;
			files = (
				49C8636724D68FBF0011E0C7 /* ViewController.swift in Sources */,
				49C8636324D68FBF0011E0C7 /* AppDelegate.swift in Sources */,
				49C8636524D68FBF0011E0C7 /* SceneDelegate.swift in Sources */,
			);
			runOnlyForDeploymentPostprocessing = 0;
		};
		49C8637124D68FC00011E0C7 /* Sources */ = {
			isa = PBXSourcesBuildPhase;
			buildActionMask = 2147483647;
			files = (
				49C8637A24D68FC00011E0C7 /* tipTests.swift in Sources */,
			);
			runOnlyForDeploymentPostprocessing = 0;
		};
		49C8637C24D68FC00011E0C7 /* Sources */ = {
			isa = PBXSourcesBuildPhase;
			buildActionMask = 2147483647;
			files = (
				49C8638524D68FC00011E0C7 /* tipUITests.swift in Sources */,
			);
			runOnlyForDeploymentPostprocessing = 0;
		};
/* End PBXSourcesBuildPhase section */

/* Begin PBXTargetDependency section */
		49C8637724D68FC00011E0C7 /* PBXTargetDependency */ = {
			isa = PBXTargetDependency;
			target = 49C8635E24D68FBE0011E0C7 /* tip */;
			targetProxy = 49C8637624D68FC00011E0C7 /* PBXContainerItemProxy */;
		};
		49C8638224D68FC00011E0C7 /* PBXTargetDependency */ = {
			isa = PBXTargetDependency;
			target = 49C8635E24D68FBE0011E0C7 /* tip */;
			targetProxy = 49C8638124D68FC00011E0C7 /* PBXContainerItemProxy */;
		};
/* End PBXTargetDependency section */

/* Begin PBXVariantGroup section */
		49C8636824D68FBF0011E0C7 /* Main.storyboard */ = {
			isa = PBXVariantGroup;
			children = (
				49C8636924D68FBF0011E0C7 /* Base */,
			);
			name = Main.storyboard;
			sourceTree = "<group>";
		};
		49C8636D24D68FC00011E0C7 /* LaunchScreen.storyboard */ = {
			isa = PBXVariantGroup;
			children = (
				49C8636E24D68FC00011E0C7 /* Base */,
			);
			name = LaunchScreen.storyboard;
			sourceTree = "<group>";
		};
/* End PBXVariantGroup section */

/* Begin XCBuildConfiguration section */
		49C8638724D68FC00011E0C7 /* Debug */ = {
			isa = XCBuildConfiguration;
			buildSettings = {
				ALWAYS_SEARCH_USER_PATHS = NO;
				CLANG_ANALYZER_NONNULL = YES;
				CLANG_ANALYZER_NUMBER_OBJECT_CONVERSION = YES_AGGRESSIVE;
				CLANG_CXX_LANGUAGE_STANDARD = "gnu++14";
				CLANG_CXX_LIBRARY = "libc++";
				CLANG_ENABLE_MODULES = YES;
				CLANG_ENABLE_OBJC_ARC = YES;
				CLANG_ENABLE_OBJC_WEAK = YES;
				CLANG_WARN_BLOCK_CAPTURE_AUTORELEASING = YES;
				CLANG_WARN_BOOL_CONVERSION = YES;
				CLANG_WARN_COMMA = YES;
				CLANG_WARN_CONSTANT_CONVERSION = YES;
				CLANG_WARN_DEPRECATED_OBJC_IMPLEMENTATIONS = YES;
				CLANG_WARN_DIRECT_OBJC_ISA_USAGE = YES_ERROR;
				CLANG_WARN_DOCUMENTATION_COMMENTS = YES;
				CLANG_WARN_EMPTY_BODY = YES;
				CLANG_WARN_ENUM_CONVERSION = YES;
				CLANG_WARN_INFINITE_RECURSION = YES;
				CLANG_WARN_INT_CONVERSION = YES;
				CLANG_WARN_NON_LITERAL_NULL_CONVERSION = YES;
				CLANG_WARN_OBJC_IMPLICIT_RETAIN_SELF = YES;
				CLANG_WARN_OBJC_LITERAL_CONVERSION = YES;
				CLANG_WARN_OBJC_ROOT_CLASS = YES_ERROR;
				CLANG_WARN_RANGE_LOOP_ANALYSIS = YES;
				CLANG_WARN_STRICT_PROTOTYPES = YES;
				CLANG_WARN_SUSPICIOUS_MOVE = YES;
				CLANG_WARN_UNGUARDED_AVAILABILITY = YES_AGGRESSIVE;
				CLANG_WARN_UNREACHABLE_CODE = YES;
				CLANG_WARN__DUPLICATE_METHOD_MATCH = YES;
				COPY_PHASE_STRIP = NO;
				DEBUG_INFORMATION_FORMAT = dwarf;
				ENABLE_STRICT_OBJC_MSGSEND = YES;
				ENABLE_TESTABILITY = YES;
				GCC_C_LANGUAGE_STANDARD = gnu11;
				GCC_DYNAMIC_NO_PIC = NO;
				GCC_NO_COMMON_BLOCKS = YES;
				GCC_OPTIMIZATION_LEVEL = 0;
				GCC_PREPROCESSOR_DEFINITIONS = (
					"DEBUG=1",
					"$(inherited)",
				);
				GCC_WARN_64_TO_32_BIT_CONVERSION = YES;
				GCC_WARN_ABOUT_RETURN_TYPE = YES_ERROR;
				GCC_WARN_UNDECLARED_SELECTOR = YES;
				GCC_WARN_UNINITIALIZED_AUTOS = YES_AGGRESSIVE;
				GCC_WARN_UNUSED_FUNCTION = YES;
				GCC_WARN_UNUSED_VARIABLE = YES;
				IPHONEOS_DEPLOYMENT_TARGET = 13.2;
				MTL_ENABLE_DEBUG_INFO = INCLUDE_SOURCE;
				MTL_FAST_MATH = YES;
				ONLY_ACTIVE_ARCH = YES;
				SDKROOT = iphoneos;
				SWIFT_ACTIVE_COMPILATION_CONDITIONS = DEBUG;
				SWIFT_OPTIMIZATION_LEVEL = "-Onone";
			};
			name = Debug;
		};
		49C8638824D68FC00011E0C7 /* Release */ = {
			isa = XCBuildConfiguration;
			buildSettings = {
				ALWAYS_SEARCH_USER_PATHS = NO;
				CLANG_ANALYZER_NONNULL = YES;
				CLANG_ANALYZER_NUMBER_OBJECT_CONVERSION = YES_AGGRESSIVE;
				CLANG_CXX_LANGUAGE_STANDARD = "gnu++14";
				CLANG_CXX_LIBRARY = "libc++";
				CLANG_ENABLE_MODULES = YES;
				CLANG_ENABLE_OBJC_ARC = YES;
				CLANG_ENABLE_OBJC_WEAK = YES;
				CLANG_WARN_BLOCK_CAPTURE_AUTORELEASING = YES;
				CLANG_WARN_BOOL_CONVERSION = YES;
				CLANG_WARN_COMMA = YES;
				CLANG_WARN_CONSTANT_CONVERSION = YES;
				CLANG_WARN_DEPRECATED_OBJC_IMPLEMENTATIONS = YES;
				CLANG_WARN_DIRECT_OBJC_ISA_USAGE = YES_ERROR;
				CLANG_WARN_DOCUMENTATION_COMMENTS = YES;
				CLANG_WARN_EMPTY_BODY = YES;
				CLANG_WARN_ENUM_CONVERSION = YES;
				CLANG_WARN_INFINITE_RECURSION = YES;
				CLANG_WARN_INT_CONVERSION = YES;
				CLANG_WARN_NON_LITERAL_NULL_CONVERSION = YES;
				CLANG_WARN_OBJC_IMPLICIT_RETAIN_SELF = YES;
				CLANG_WARN_OBJC_LITERAL_CONVERSION = YES;
				CLANG_WARN_OBJC_ROOT_CLASS = YES_ERROR;
				CLANG_WARN_RANGE_LOOP_ANALYSIS = YES;
				CLANG_WARN_STRICT_PROTOTYPES = YES;
				CLANG_WARN_SUSPICIOUS_MOVE = YES;
				CLANG_WARN_UNGUARDED_AVAILABILITY = YES_AGGRESSIVE;
				CLANG_WARN_UNREACHABLE_CODE = YES;
				CLANG_WARN__DUPLICATE_METHOD_MATCH = YES;
				COPY_PHASE_STRIP = NO;
				DEBUG_INFORMATION_FORMAT = "dwarf-with-dsym";
				ENABLE_NS_ASSERTIONS = NO;
				ENABLE_STRICT_OBJC_MSGSEND = YES;
				GCC_C_LANGUAGE_STANDARD = gnu11;
				GCC_NO_COMMON_BLOCKS = YES;
				GCC_WARN_64_TO_32_BIT_CONVERSION = YES;
				GCC_WARN_ABOUT_RETURN_TYPE = YES_ERROR;
				GCC_WARN_UNDECLARED_SELECTOR = YES;
				GCC_WARN_UNINITIALIZED_AUTOS = YES_AGGRESSIVE;
				GCC_WARN_UNUSED_FUNCTION = YES;
				GCC_WARN_UNUSED_VARIABLE = YES;
				IPHONEOS_DEPLOYMENT_TARGET = 13.2;
				MTL_ENABLE_DEBUG_INFO = NO;
				MTL_FAST_MATH = YES;
				SDKROOT = iphoneos;
				SWIFT_COMPILATION_MODE = wholemodule;
				SWIFT_OPTIMIZATION_LEVEL = "-O";
				VALIDATE_PRODUCT = YES;
			};
			name = Release;
		};
		49C8638A24D68FC00011E0C7 /* Debug */ = {
			isa = XCBuildConfiguration;
			buildSettings = {
				ASSETCATALOG_COMPILER_APPICON_NAME = AppIcon;
				CODE_SIGN_STYLE = Automatic;
				INFOPLIST_FILE = tip/Info.plist;
				LD_RUNPATH_SEARCH_PATHS = (
					"$(inherited)",
					"@executable_path/Frameworks",
				);
				PRODUCT_BUNDLE_IDENTIFIER = Codepath.tip;
				PRODUCT_NAME = "$(TARGET_NAME)";
				SWIFT_VERSION = 5.0;
				TARGETED_DEVICE_FAMILY = "1,2";
			};
			name = Debug;
		};
		49C8638B24D68FC00011E0C7 /* Release */ = {
			isa = XCBuildConfiguration;
			buildSettings = {
				ASSETCATALOG_COMPILER_APPICON_NAME = AppIcon;
				CODE_SIGN_STYLE = Automatic;
				INFOPLIST_FILE = tip/Info.plist;
				LD_RUNPATH_SEARCH_PATHS = (
					"$(inherited)",
					"@executable_path/Frameworks",
				);
				PRODUCT_BUNDLE_IDENTIFIER = Codepath.tip;
				PRODUCT_NAME = "$(TARGET_NAME)";
				SWIFT_VERSION = 5.0;
				TARGETED_DEVICE_FAMILY = "1,2";
			};
			name = Release;
		};
		49C8638D24D68FC00011E0C7 /* Debug */ = {
			isa = XCBuildConfiguration;
			buildSettings = {
				ALWAYS_EMBED_SWIFT_STANDARD_LIBRARIES = YES;
				BUNDLE_LOADER = "$(TEST_HOST)";
				CODE_SIGN_STYLE = Automatic;
				INFOPLIST_FILE = tipTests/Info.plist;
				IPHONEOS_DEPLOYMENT_TARGET = 13.2;
				LD_RUNPATH_SEARCH_PATHS = (
					"$(inherited)",
					"@executable_path/Frameworks",
					"@loader_path/Frameworks",
				);
				PRODUCT_BUNDLE_IDENTIFIER = Codepath.tipTests;
				PRODUCT_NAME = "$(TARGET_NAME)";
				SWIFT_VERSION = 5.0;
				TARGETED_DEVICE_FAMILY = "1,2";
				TEST_HOST = "$(BUILT_PRODUCTS_DIR)/tip.app/tip";
			};
			name = Debug;
		};
		49C8638E24D68FC00011E0C7 /* Release */ = {
			isa = XCBuildConfiguration;
			buildSettings = {
				ALWAYS_EMBED_SWIFT_STANDARD_LIBRARIES = YES;
				BUNDLE_LOADER = "$(TEST_HOST)";
				CODE_SIGN_STYLE = Automatic;
				INFOPLIST_FILE = tipTests/Info.plist;
				IPHONEOS_DEPLOYMENT_TARGET = 13.2;
				LD_RUNPATH_SEARCH_PATHS = (
					"$(inherited)",
					"@executable_path/Frameworks",
					"@loader_path/Frameworks",
				);
				PRODUCT_BUNDLE_IDENTIFIER = Codepath.tipTests;
				PRODUCT_NAME = "$(TARGET_NAME)";
				SWIFT_VERSION = 5.0;
				TARGETED_DEVICE_FAMILY = "1,2";
				TEST_HOST = "$(BUILT_PRODUCTS_DIR)/tip.app/tip";
			};
			name = Release;
		};
		49C8639024D68FC00011E0C7 /* Debug */ = {
			isa = XCBuildConfiguration;
			buildSettings = {
				ALWAYS_EMBED_SWIFT_STANDARD_LIBRARIES = YES;
				CODE_SIGN_STYLE = Automatic;
				INFOPLIST_FILE = tipUITests/Info.plist;
				LD_RUNPATH_SEARCH_PATHS = (
					"$(inherited)",
					"@executable_path/Frameworks",
					"@loader_path/Frameworks",
				);
				PRODUCT_BUNDLE_IDENTIFIER = Codepath.tipUITests;
				PRODUCT_NAME = "$(TARGET_NAME)";
				SWIFT_VERSION = 5.0;
				TARGETED_DEVICE_FAMILY = "1,2";
				TEST_TARGET_NAME = tip;
			};
			name = Debug;
		};
		49C8639124D68FC00011E0C7 /* Release */ = {
			isa = XCBuildConfiguration;
			buildSettings = {
				ALWAYS_EMBED_SWIFT_STANDARD_LIBRARIES = YES;
				CODE_SIGN_STYLE = Automatic;
				INFOPLIST_FILE = tipUITests/Info.plist;
				LD_RUNPATH_SEARCH_PATHS = (
					"$(inherited)",
					"@executable_path/Frameworks",
					"@loader_path/Frameworks",
				);
				PRODUCT_BUNDLE_IDENTIFIER = Codepath.tipUITests;
				PRODUCT_NAME = "$(TARGET_NAME)";
				SWIFT_VERSION = 5.0;
				TARGETED_DEVICE_FAMILY = "1,2";
				TEST_TARGET_NAME = tip;
			};
			name = Release;
		};
/* End XCBuildConfiguration section */

/* Begin XCConfigurationList section */
		49C8635A24D68FBE0011E0C7 /* Build configuration list for PBXProject "tip" */ = {
			isa = XCConfigurationList;
			buildConfigurations = (
				49C8638724D68FC00011E0C7 /* Debug */,
				49C8638824D68FC00011E0C7 /* Release */,
			);
			defaultConfigurationIsVisible = 0;
			defaultConfigurationName = Release;
		};
		49C8638924D68FC00011E0C7 /* Build configuration list for PBXNativeTarget "tip" */ = {
			isa = XCConfigurationList;
			buildConfigurations = (
				49C8638A24D68FC00011E0C7 /* Debug */,
				49C8638B24D68FC00011E0C7 /* Release */,
			);
			defaultConfigurationIsVisible = 0;
			defaultConfigurationName = Release;
		};
		49C8638C24D68FC00011E0C7 /* Build configuration list for PBXNativeTarget "tipTests" */ = {
			isa = XCConfigurationList;
			buildConfigurations = (
				49C8638D24D68FC00011E0C7 /* Debug */,
				49C8638E24D68FC00011E0C7 /* Release */,
			);
			defaultConfigurationIsVisible = 0;
			defaultConfigurationName = Release;
		};
		49C8638F24D68FC00011E0C7 /* Build configuration list for PBXNativeTarget "tipUITests" */ = {
			isa = XCConfigurationList;
			buildConfigurations = (
				49C8639024D68FC00011E0C7 /* Debug */,
				49C8639124D68FC00011E0C7 /* Release */,
			);
			defaultConfigurationIsVisible = 0;
			defaultConfigurationName = Release;
		};
/* End XCConfigurationList section */
	};
	rootObject = 49C8635724D68FBE0011E0C7 /* Project object */;
}
